
Microsoft Visual Studio Solution File, Format Version 12.00
# Visual Studio Version 16
VisualStudioVersion = 16.0.29519.87
MinimumVisualStudioVersion = 10.0.40219.1
Project("{9A19103F-16F7-4668-BE54-9A1E7A4F7556}") = "AlgoWallet", "AlgoWallet\AlgoWallet.csproj", "{7B0B6155-930C-4F0D-A6D8-C3FB0DA338DC}"
EndProject
Project("{9A19103F-16F7-4668-BE54-9A1E7A4F7556}") = "dotnet-algorand-sdk", "..\dotnet-algorand-sdk\dotnet-algorand-sdk\dotnet-algorand-sdk.csproj", "{CA80BCF4-88AE-4C42-ACEE-25845A0DEC8B}"
EndProject
Global
	GlobalSection(SolutionConfigurationPlatforms) = preSolution
		Debug|Any CPU = Debug|Any CPU
		Release|Any CPU = Release|Any CPU
	EndGlobalSection
	GlobalSection(ProjectConfigurationPlatforms) = postSolution
		{7B0B6155-930C-4F0D-A6D8-C3FB0DA338DC}.Debug|Any CPU.ActiveCfg = Debug|Any CPU
		{7B0B6155-930C-4F0D-A6D8-C3FB0DA338DC}.Debug|Any CPU.Build.0 = Debug|Any CPU
		{7B0B6155-930C-4F0D-A6D8-C3FB0DA338DC}.Release|Any CPU.ActiveCfg = Release|Any CPU
		{7B0B6155-930C-4F0D-A6D8-C3FB0DA338DC}.Release|Any CPU.Build.0 = Release|Any CPU
		{CA80BCF4-88AE-4C42-ACEE-25845A0DEC8B}.Debug|Any CPU.ActiveCfg = Debug|Any CPU
		{CA80BCF4-88AE-4C42-ACEE-25845A0DEC8B}.Debug|Any CPU.Build.0 = Debug|Any CPU
		{CA80BCF4-88AE-4C42-ACEE-25845A0DEC8B}.Release|Any CPU.ActiveCfg = Release|Any CPU
		{CA80BCF4-88AE-4C42-ACEE-25845A0DEC8B}.Release|Any CPU.Build.0 = Release|Any CPU
	EndGlobalSection
	GlobalSection(SolutionProperties) = preSolution
		HideSolutionNode = FALSE
	EndGlobalSection
	GlobalSection(ExtensibilityGlobals) = postSolution
		SolutionGuid = {4551B7D4-C511-48D5-A5BA-2015B4AADEAB}
	EndGlobalSection
EndGlobal
